
Microsoft Visual Studio Solution File, Format Version 12.00
# Visual Studio 15
VisualStudioVersion = 15.0.27703.2018
MinimumVisualStudioVersion = 10.0.40219.1
Project("{FAE04EC0-301F-11D3-BF4B-00C04F79EFBC}") = "ScreenFromMonitor", "ScreenFromMonitor\ScreenFromMonitor.csproj", "{92497EAC-21B0-4082-9BA3-C326B1776536}"
EndProject
Global
	GlobalSection(SolutionConfigurationPlatforms) = preSolution
		Debug|Any CPU = Debug|Any CPU
		Release|Any CPU = Release|Any CPU
	EndGlobalSection
	GlobalSection(ProjectConfigurationPlatforms) = postSolution
		{92497EAC-21B0-4082-9BA3-C326B1776536}.Debug|Any CPU.ActiveCfg = Debug|Any CPU
		{92497EAC-21B0-4082-9BA3-C326B1776536}.Debug|Any CPU.Build.0 = Debug|Any CPU
		{92497EAC-21B0-4082-9BA3-C326B1776536}.Release|Any CPU.ActiveCfg = Release|Any CPU
		{92497EAC-21B0-4082-9BA3-C326B1776536}.Release|Any CPU.Build.0 = Release|Any CPU
	EndGlobalSection
	GlobalSection(SolutionProperties) = preSolution
		HideSolutionNode = FALSE
	EndGlobalSection
	GlobalSection(ExtensibilityGlobals) = postSolution
		SolutionGuid = {4D117C25-A95F-43C2-B46A-4A21D6A4F22C}
	EndGlobalSection
EndGlobal
